// !$*UTF8*$!
{
	archiveVersion = 1;
	classes = {
	};
	objectVersion = 50;
	objects = {

/* Begin PBXBuildFile section */
		451B7B0821A681EA00C0F754 /* NSObject+AkvcCategory.m in Sources */ = {isa = PBXBuildFile; fileRef = 451B7B0721A681EA00C0F754 /* NSObject+AkvcCategory.m */; };
		45E2D65321A2A3CE00212CBB /* AkvcExtensionConst.m in Sources */ = {isa = PBXBuildFile; fileRef = 45E2D65121A2A3CE00212CBB /* AkvcExtensionConst.m */; };
		9F7D4C41219FDC9A002B2B48 /* AkvcExtension.m in Sources */ = {isa = PBXBuildFile; fileRef = 9F7D4C25219FDC9A002B2B48 /* AkvcExtension.m */; };
		9F7D4C42219FDC9A002B2B48 /* NSValue+AkvcExtension.m in Sources */ = {isa = PBXBuildFile; fileRef = 9F7D4C27219FDC9A002B2B48 /* NSValue+AkvcExtension.m */; };
		9F7D4C43219FDC9A002B2B48 /* NSObject+AkvcExtension.m in Sources */ = {isa = PBXBuildFile; fileRef = 9F7D4C29219FDC9A002B2B48 /* NSObject+AkvcExtension.m */; };
		9F7D4C44219FDC9A002B2B48 /* AkvcClass.m in Sources */ = {isa = PBXBuildFile; fileRef = 9F7D4C2B219FDC9A002B2B48 /* AkvcClass.m */; };
		9F7D4C45219FDC9A002B2B48 /* AkvcPathReadBiList.m in Sources */ = {isa = PBXBuildFile; fileRef = 9F7D4C2F219FDC9A002B2B48 /* AkvcPathReadBiList.m */; };
		9F7D4C46219FDC9A002B2B48 /* AkvcPathReadNode.m in Sources */ = {isa = PBXBuildFile; fileRef = 9F7D4C32219FDC9A002B2B48 /* AkvcPathReadNode.m */; };
		9F7D4C47219FDC9A002B2B48 /* AkvcExtensionPath.m in Sources */ = {isa = PBXBuildFile; fileRef = 9F7D4C36219FDC9A002B2B48 /* AkvcExtensionPath.m */; };
		9F7D4C48219FDC9A002B2B48 /* AkvcPathReader.m in Sources */ = {isa = PBXBuildFile; fileRef = 9F7D4C37219FDC9A002B2B48 /* AkvcPathReader.m */; };
		9F7D4C49219FDC9A002B2B48 /* AkvcPathComponent.m in Sources */ = {isa = PBXBuildFile; fileRef = 9F7D4C38219FDC9A002B2B48 /* AkvcPathComponent.m */; };
		9F7D4C4A219FDC9A002B2B48 /* Person.m in Sources */ = {isa = PBXBuildFile; fileRef = 9F7D4C3E219FDC9A002B2B48 /* Person.m */; };
		9F7D4C4B219FDC9A002B2B48 /* Food.m in Sources */ = {isa = PBXBuildFile; fileRef = 9F7D4C3F219FDC9A002B2B48 /* Food.m */; };
		9F7D4C4C219FDC9A002B2B48 /* Dog.m in Sources */ = {isa = PBXBuildFile; fileRef = 9F7D4C40219FDC9A002B2B48 /* Dog.m */; };
		9F934DA721931DFB0054F734 /* AppDelegate.m in Sources */ = {isa = PBXBuildFile; fileRef = 9F934DA621931DFB0054F734 /* AppDelegate.m */; };
		9F934DAA21931DFB0054F734 /* ViewController.m in Sources */ = {isa = PBXBuildFile; fileRef = 9F934DA921931DFB0054F734 /* ViewController.m */; };
		9F934DAD21931DFB0054F734 /* Main.storyboard in Resources */ = {isa = PBXBuildFile; fileRef = 9F934DAB21931DFB0054F734 /* Main.storyboard */; };
		9F934DAF21931E050054F734 /* Assets.xcassets in Resources */ = {isa = PBXBuildFile; fileRef = 9F934DAE21931E050054F734 /* Assets.xcassets */; };
		9F934DB221931E050054F734 /* LaunchScreen.storyboard in Resources */ = {isa = PBXBuildFile; fileRef = 9F934DB021931E050054F734 /* LaunchScreen.storyboard */; };
		9F934DB521931E050054F734 /* main.m in Sources */ = {isa = PBXBuildFile; fileRef = 9F934DB421931E050054F734 /* main.m */; };
		9F934DBF21931E050054F734 /* AkvcExtensionSampleTests.m in Sources */ = {isa = PBXBuildFile; fileRef = 9F934DBE21931E050054F734 /* AkvcExtensionSampleTests.m */; };
/* End PBXBuildFile section */

/* Begin PBXContainerItemProxy section */
		9F934DBB21931E050054F734 /* PBXContainerItemProxy */ = {
			isa = PBXContainerItemProxy;
			containerPortal = 9F934D9A21931DFB0054F734 /* Project object */;
			proxyType = 1;
			remoteGlobalIDString = 9F934DA121931DFB0054F734;
			remoteInfo = AkvcExtensionSample;
		};
/* End PBXContainerItemProxy section */

/* Begin PBXFileReference section */
		451B7B0621A681EA00C0F754 /* NSObject+AkvcCategory.h */ = {isa = PBXFileReference; lastKnownFileType = sourcecode.c.h; path = "NSObject+AkvcCategory.h"; sourceTree = "<group>"; };
		451B7B0721A681EA00C0F754 /* NSObject+AkvcCategory.m */ = {isa = PBXFileReference; lastKnownFileType = sourcecode.c.objc; path = "NSObject+AkvcCategory.m"; sourceTree = "<group>"; };
		45E2D65121A2A3CE00212CBB /* AkvcExtensionConst.m */ = {isa = PBXFileReference; fileEncoding = 4; lastKnownFileType = sourcecode.c.objc; path = AkvcExtensionConst.m; sourceTree = "<group>"; };
		45E2D65221A2A3CE00212CBB /* AkvcExtensionConst.h */ = {isa = PBXFileReference; fileEncoding = 4; lastKnownFileType = sourcecode.c.h; path = AkvcExtensionConst.h; sourceTree = "<group>"; };
		9F7D4C25219FDC9A002B2B48 /* AkvcExtension.m */ = {isa = PBXFileReference; fileEncoding = 4; lastKnownFileType = sourcecode.c.objc; path = AkvcExtension.m; sourceTree = "<group>"; };
		9F7D4C26219FDC9A002B2B48 /* NSObject+AkvcExtension.h */ = {isa = PBXFileReference; fileEncoding = 4; lastKnownFileType = sourcecode.c.h; path = "NSObject+AkvcExtension.h"; sourceTree = "<group>"; };
		9F7D4C27219FDC9A002B2B48 /* NSValue+AkvcExtension.m */ = {isa = PBXFileReference; fileEncoding = 4; lastKnownFileType = sourcecode.c.objc; path = "NSValue+AkvcExtension.m"; sourceTree = "<group>"; };
		9F7D4C28219FDC9A002B2B48 /* AkvcExtension.h */ = {isa = PBXFileReference; fileEncoding = 4; lastKnownFileType = sourcecode.c.h; path = AkvcExtension.h; sourceTree = "<group>"; };
		9F7D4C29219FDC9A002B2B48 /* NSObject+AkvcExtension.m */ = {isa = PBXFileReference; fileEncoding = 4; lastKnownFileType = sourcecode.c.objc; path = "NSObject+AkvcExtension.m"; sourceTree = "<group>"; };
		9F7D4C2B219FDC9A002B2B48 /* AkvcClass.m */ = {isa = PBXFileReference; fileEncoding = 4; lastKnownFileType = sourcecode.c.objc; path = AkvcClass.m; sourceTree = "<group>"; };
		9F7D4C2C219FDC9A002B2B48 /* AkvcClass.h */ = {isa = PBXFileReference; fileEncoding = 4; lastKnownFileType = sourcecode.c.h; path = AkvcClass.h; sourceTree = "<group>"; };
		9F7D4C2F219FDC9A002B2B48 /* AkvcPathReadBiList.m */ = {isa = PBXFileReference; fileEncoding = 4; lastKnownFileType = sourcecode.c.objc; path = AkvcPathReadBiList.m; sourceTree = "<group>"; };
		9F7D4C30219FDC9A002B2B48 /* AkvcPathReadNode.h */ = {isa = PBXFileReference; fileEncoding = 4; lastKnownFileType = sourcecode.c.h; path = AkvcPathReadNode.h; sourceTree = "<group>"; };
		9F7D4C31219FDC9A002B2B48 /* AkvcPathReadBiList.h */ = {isa = PBXFileReference; fileEncoding = 4; lastKnownFileType = sourcecode.c.h; path = AkvcPathReadBiList.h; sourceTree = "<group>"; };
		9F7D4C32219FDC9A002B2B48 /* AkvcPathReadNode.m */ = {isa = PBXFileReference; fileEncoding = 4; lastKnownFileType = sourcecode.c.objc; path = AkvcPathReadNode.m; sourceTree = "<group>"; };
		9F7D4C33219FDC9A002B2B48 /* AkvcPathReader.h */ = {isa = PBXFileReference; fileEncoding = 4; lastKnownFileType = sourcecode.c.h; path = AkvcPathReader.h; sourceTree = "<group>"; };
		9F7D4C34219FDC9A002B2B48 /* AkvcExtensionPath.h */ = {isa = PBXFileReference; fileEncoding = 4; lastKnownFileType = sourcecode.c.h; path = AkvcExtensionPath.h; sourceTree = "<group>"; };
		9F7D4C35219FDC9A002B2B48 /* AkvcPathComponent.h */ = {isa = PBXFileReference; fileEncoding = 4; lastKnownFileType = sourcecode.c.h; path = AkvcPathComponent.h; sourceTree = "<group>"; };
		9F7D4C36219FDC9A002B2B48 /* AkvcExtensionPath.m */ = {isa = PBXFileReference; fileEncoding = 4; lastKnownFileType = sourcecode.c.objc; path = AkvcExtensionPath.m; sourceTree = "<group>"; };
		9F7D4C37219FDC9A002B2B48 /* AkvcPathReader.m */ = {isa = PBXFileReference; fileEncoding = 4; lastKnownFileType = sourcecode.c.objc; path = AkvcPathReader.m; sourceTree = "<group>"; };
		9F7D4C38219FDC9A002B2B48 /* AkvcPathComponent.m */ = {isa = PBXFileReference; fileEncoding = 4; lastKnownFileType = sourcecode.c.objc; path = AkvcPathComponent.m; sourceTree = "<group>"; };
		9F7D4C39219FDC9A002B2B48 /* NSValue+AkvcExtension.h */ = {isa = PBXFileReference; fileEncoding = 4; lastKnownFileType = sourcecode.c.h; path = "NSValue+AkvcExtension.h"; sourceTree = "<group>"; };
		9F7D4C3B219FDC9A002B2B48 /* Person.h */ = {isa = PBXFileReference; fileEncoding = 4; lastKnownFileType = sourcecode.c.h; path = Person.h; sourceTree = "<group>"; };
		9F7D4C3C219FDC9A002B2B48 /* Dog.h */ = {isa = PBXFileReference; fileEncoding = 4; lastKnownFileType = sourcecode.c.h; path = Dog.h; sourceTree = "<group>"; };
		9F7D4C3D219FDC9A002B2B48 /* Food.h */ = {isa = PBXFileReference; fileEncoding = 4; lastKnownFileType = sourcecode.c.h; path = Food.h; sourceTree = "<group>"; };
		9F7D4C3E219FDC9A002B2B48 /* Person.m */ = {isa = PBXFileReference; fileEncoding = 4; lastKnownFileType = sourcecode.c.objc; path = Person.m; sourceTree = "<group>"; };
		9F7D4C3F219FDC9A002B2B48 /* Food.m */ = {isa = PBXFileReference; fileEncoding = 4; lastKnownFileType = sourcecode.c.objc; path = Food.m; sourceTree = "<group>"; };
		9F7D4C40219FDC9A002B2B48 /* Dog.m */ = {isa = PBXFileReference; fileEncoding = 4; lastKnownFileType = sourcecode.c.objc; path = Dog.m; sourceTree = "<group>"; };
		9F934DA221931DFB0054F734 /* AkvcExtensionSample.app */ = {isa = PBXFileReference; explicitFileType = wrapper.application; includeInIndex = 0; path = AkvcExtensionSample.app; sourceTree = BUILT_PRODUCTS_DIR; };
		9F934DA521931DFB0054F734 /* AppDelegate.h */ = {isa = PBXFileReference; lastKnownFileType = sourcecode.c.h; path = AppDelegate.h; sourceTree = "<group>"; };
		9F934DA621931DFB0054F734 /* AppDelegate.m */ = {isa = PBXFileReference; lastKnownFileType = sourcecode.c.objc; path = AppDelegate.m; sourceTree = "<group>"; };
		9F934DA821931DFB0054F734 /* ViewController.h */ = {isa = PBXFileReference; lastKnownFileType = sourcecode.c.h; path = ViewController.h; sourceTree = "<group>"; };
		9F934DA921931DFB0054F734 /* ViewController.m */ = {isa = PBXFileReference; lastKnownFileType = sourcecode.c.objc; path = ViewController.m; sourceTree = "<group>"; };
		9F934DAC21931DFB0054F734 /* Base */ = {isa = PBXFileReference; lastKnownFileType = file.storyboard; name = Base; path = Base.lproj/Main.storyboard; sourceTree = "<group>"; };
		9F934DAE21931E050054F734 /* Assets.xcassets */ = {isa = PBXFileReference; lastKnownFileType = folder.assetcatalog; path = Assets.xcassets; sourceTree = "<group>"; };
		9F934DB121931E050054F734 /* Base */ = {isa = PBXFileReference; lastKnownFileType = file.storyboard; name = Base; path = Base.lproj/LaunchScreen.storyboard; sourceTree = "<group>"; };
		9F934DB321931E050054F734 /* Info.plist */ = {isa = PBXFileReference; lastKnownFileType = text.plist.xml; path = Info.plist; sourceTree = "<group>"; };
		9F934DB421931E050054F734 /* main.m */ = {isa = PBXFileReference; lastKnownFileType = sourcecode.c.objc; path = main.m; sourceTree = "<group>"; };
		9F934DBA21931E050054F734 /* AkvcExtensionSampleTests.xctest */ = {isa = PBXFileReference; explicitFileType = wrapper.cfbundle; includeInIndex = 0; path = AkvcExtensionSampleTests.xctest; sourceTree = BUILT_PRODUCTS_DIR; };
		9F934DBE21931E050054F734 /* AkvcExtensionSampleTests.m */ = {isa = PBXFileReference; lastKnownFileType = sourcecode.c.objc; path = AkvcExtensionSampleTests.m; sourceTree = "<group>"; };
		9F934DC021931E050054F734 /* Info.plist */ = {isa = PBXFileReference; lastKnownFileType = text.plist.xml; path = Info.plist; sourceTree = "<group>"; };
/* End PBXFileReference section */

/* Begin PBXFrameworksBuildPhase section */
		9F934D9F21931DFB0054F734 /* Frameworks */ = {
			isa = PBXFrameworksBuildPhase;
			buildActionMask = 2147483647;
			files = (
			);
			runOnlyForDeploymentPostprocessing = 0;
		};
		9F934DB721931E050054F734 /* Frameworks */ = {
			isa = PBXFrameworksBuildPhase;
			buildActionMask = 2147483647;
			files = (
			);
			runOnlyForDeploymentPostprocessing = 0;
		};
/* End PBXFrameworksBuildPhase section */

/* Begin PBXGroup section */
		9F7D4C24219FDC9A002B2B48 /* AkvcExtension */ = {
			isa = PBXGroup;
			children = (
				9F7D4C28219FDC9A002B2B48 /* AkvcExtension.h */,
				9F7D4C25219FDC9A002B2B48 /* AkvcExtension.m */,
				9F7D4C26219FDC9A002B2B48 /* NSObject+AkvcExtension.h */,
				9F7D4C29219FDC9A002B2B48 /* NSObject+AkvcExtension.m */,
				9F7D4C39219FDC9A002B2B48 /* NSValue+AkvcExtension.h */,
				9F7D4C27219FDC9A002B2B48 /* NSValue+AkvcExtension.m */,
				45E2D65221A2A3CE00212CBB /* AkvcExtensionConst.h */,
				45E2D65121A2A3CE00212CBB /* AkvcExtensionConst.m */,
				9F7D4C2A219FDC9A002B2B48 /* AkvcClass */,
				9F7D4C2D219FDC9A002B2B48 /* ExtensionPath */,
			);
			path = AkvcExtension;
			sourceTree = SOURCE_ROOT;
		};
		9F7D4C2A219FDC9A002B2B48 /* AkvcClass */ = {
			isa = PBXGroup;
			children = (
				9F7D4C2C219FDC9A002B2B48 /* AkvcClass.h */,
				9F7D4C2B219FDC9A002B2B48 /* AkvcClass.m */,
				451B7B0621A681EA00C0F754 /* NSObject+AkvcCategory.h */,
				451B7B0721A681EA00C0F754 /* NSObject+AkvcCategory.m */,
			);
			path = AkvcClass;
			sourceTree = "<group>";
		};
		9F7D4C2D219FDC9A002B2B48 /* ExtensionPath */ = {
			isa = PBXGroup;
			children = (
				9F7D4C34219FDC9A002B2B48 /* AkvcExtensionPath.h */,
				9F7D4C36219FDC9A002B2B48 /* AkvcExtensionPath.m */,
				9F7D4C35219FDC9A002B2B48 /* AkvcPathComponent.h */,
				9F7D4C38219FDC9A002B2B48 /* AkvcPathComponent.m */,
				9F7D4C33219FDC9A002B2B48 /* AkvcPathReader.h */,
				9F7D4C37219FDC9A002B2B48 /* AkvcPathReader.m */,
				9F7D4C2E219FDC9A002B2B48 /* PathBiList */,
			);
			path = ExtensionPath;
			sourceTree = "<group>";
		};
		9F7D4C2E219FDC9A002B2B48 /* PathBiList */ = {
			isa = PBXGroup;
			children = (
				9F7D4C31219FDC9A002B2B48 /* AkvcPathReadBiList.h */,
				9F7D4C2F219FDC9A002B2B48 /* AkvcPathReadBiList.m */,
				9F7D4C30219FDC9A002B2B48 /* AkvcPathReadNode.h */,
				9F7D4C32219FDC9A002B2B48 /* AkvcPathReadNode.m */,
			);
			path = PathBiList;
			sourceTree = "<group>";
		};
		9F7D4C3A219FDC9A002B2B48 /* Class */ = {
			isa = PBXGroup;
			children = (
				9F7D4C3C219FDC9A002B2B48 /* Dog.h */,
				9F7D4C40219FDC9A002B2B48 /* Dog.m */,
				9F7D4C3D219FDC9A002B2B48 /* Food.h */,
				9F7D4C3F219FDC9A002B2B48 /* Food.m */,
				9F7D4C3B219FDC9A002B2B48 /* Person.h */,
				9F7D4C3E219FDC9A002B2B48 /* Person.m */,
			);
			path = Class;
			sourceTree = SOURCE_ROOT;
		};
		9F934D9921931DFB0054F734 = {
			isa = PBXGroup;
			children = (
				9F934DA421931DFB0054F734 /* AkvcExtensionSample */,
				9F934DBD21931E050054F734 /* AkvcExtensionSampleTests */,
				9F934DA321931DFB0054F734 /* Products */,
			);
			sourceTree = "<group>";
		};
		9F934DA321931DFB0054F734 /* Products */ = {
			isa = PBXGroup;
			children = (
				9F934DA221931DFB0054F734 /* AkvcExtensionSample.app */,
				9F934DBA21931E050054F734 /* AkvcExtensionSampleTests.xctest */,
			);
			name = Products;
			sourceTree = "<group>";
		};
		9F934DA421931DFB0054F734 /* AkvcExtensionSample */ = {
			isa = PBXGroup;
			children = (
				9F7D4C24219FDC9A002B2B48 /* AkvcExtension */,
				9F7D4C3A219FDC9A002B2B48 /* Class */,
				9F934DA521931DFB0054F734 /* AppDelegate.h */,
				9F934DA621931DFB0054F734 /* AppDelegate.m */,
				9F934DA821931DFB0054F734 /* ViewController.h */,
				9F934DA921931DFB0054F734 /* ViewController.m */,
				9F934DAB21931DFB0054F734 /* Main.storyboard */,
				9F934DAE21931E050054F734 /* Assets.xcassets */,
				9F934DB021931E050054F734 /* LaunchScreen.storyboard */,
				9F934DB321931E050054F734 /* Info.plist */,
				9F934DB421931E050054F734 /* main.m */,
			);
			path = AkvcExtensionSample;
			sourceTree = "<group>";
		};
		9F934DBD21931E050054F734 /* AkvcExtensionSampleTests */ = {
			isa = PBXGroup;
			children = (
				9F934DBE21931E050054F734 /* AkvcExtensionSampleTests.m */,
				9F934DC021931E050054F734 /* Info.plist */,
			);
			path = AkvcExtensionSampleTests;
			sourceTree = "<group>";
		};
/* End PBXGroup section */

/* Begin PBXNativeTarget section */
		9F934DA121931DFB0054F734 /* AkvcExtensionSample */ = {
			isa = PBXNativeTarget;
			buildConfigurationList = 9F934DC321931E050054F734 /* Build configuration list for PBXNativeTarget "AkvcExtensionSample" */;
			buildPhases = (
				9F934D9E21931DFB0054F734 /* Sources */,
				9F934D9F21931DFB0054F734 /* Frameworks */,
				9F934DA021931DFB0054F734 /* Resources */,
			);
			buildRules = (
			);
			dependencies = (
			);
			name = AkvcExtensionSample;
			productName = AkvcExtensionSample;
			productReference = 9F934DA221931DFB0054F734 /* AkvcExtensionSample.app */;
			productType = "com.apple.product-type.application";
		};
		9F934DB921931E050054F734 /* AkvcExtensionSampleTests */ = {
			isa = PBXNativeTarget;
			buildConfigurationList = 9F934DC621931E050054F734 /* Build configuration list for PBXNativeTarget "AkvcExtensionSampleTests" */;
			buildPhases = (
				9F934DB621931E050054F734 /* Sources */,
				9F934DB721931E050054F734 /* Frameworks */,
				9F934DB821931E050054F734 /* Resources */,
			);
			buildRules = (
			);
			dependencies = (
				9F934DBC21931E050054F734 /* PBXTargetDependency */,
			);
			name = AkvcExtensionSampleTests;
			productName = AkvcExtensionSampleTests;
			productReference = 9F934DBA21931E050054F734 /* AkvcExtensionSampleTests.xctest */;
			productType = "com.apple.product-type.bundle.unit-test";
		};
/* End PBXNativeTarget section */

/* Begin PBXProject section */
		9F934D9A21931DFB0054F734 /* Project object */ = {
			isa = PBXProject;
			attributes = {
				LastUpgradeCheck = 1010;
				ORGANIZATIONNAME = NOVO;
				TargetAttributes = {
					9F934DA121931DFB0054F734 = {
						CreatedOnToolsVersion = 10.1;
					};
					9F934DB921931E050054F734 = {
						CreatedOnToolsVersion = 10.1;
						TestTargetID = 9F934DA121931DFB0054F734;
					};
				};
			};
			buildConfigurationList = 9F934D9D21931DFB0054F734 /* Build configuration list for PBXProject "AkvcExtensionSample" */;
			compatibilityVersion = "Xcode 9.3";
			developmentRegion = en;
			hasScannedForEncodings = 0;
			knownRegions = (
				en,
				Base,
			);
			mainGroup = 9F934D9921931DFB0054F734;
			productRefGroup = 9F934DA321931DFB0054F734 /* Products */;
			projectDirPath = "";
			projectRoot = "";
			targets = (
				9F934DA121931DFB0054F734 /* AkvcExtensionSample */,
				9F934DB921931E050054F734 /* AkvcExtensionSampleTests */,
			);
		};
/* End PBXProject section */

/* Begin PBXResourcesBuildPhase section */
		9F934DA021931DFB0054F734 /* Resources */ = {
			isa = PBXResourcesBuildPhase;
			buildActionMask = 2147483647;
			files = (
				9F934DB221931E050054F734 /* LaunchScreen.storyboard in Resources */,
				9F934DAF21931E050054F734 /* Assets.xcassets in Resources */,
				9F934DAD21931DFB0054F734 /* Main.storyboard in Resources */,
			);
			runOnlyForDeploymentPostprocessing = 0;
		};
		9F934DB821931E050054F734 /* Resources */ = {
			isa = PBXResourcesBuildPhase;
			buildActionMask = 2147483647;
			files = (
			);
			runOnlyForDeploymentPostprocessing = 0;
		};
/* End PBXResourcesBuildPhase section */

/* Begin PBXSourcesBuildPhase section */
		9F934D9E21931DFB0054F734 /* Sources */ = {
			isa = PBXSourcesBuildPhase;
			buildActionMask = 2147483647;
			files = (
				9F7D4C48219FDC9A002B2B48 /* AkvcPathReader.m in Sources */,
				9F7D4C4B219FDC9A002B2B48 /* Food.m in Sources */,
				9F7D4C42219FDC9A002B2B48 /* NSValue+AkvcExtension.m in Sources */,
				451B7B0821A681EA00C0F754 /* NSObject+AkvcCategory.m in Sources */,
				9F7D4C47219FDC9A002B2B48 /* AkvcExtensionPath.m in Sources */,
				9F7D4C41219FDC9A002B2B48 /* AkvcExtension.m in Sources */,
				9F934DAA21931DFB0054F734 /* ViewController.m in Sources */,
				9F934DB521931E050054F734 /* main.m in Sources */,
				9F7D4C45219FDC9A002B2B48 /* AkvcPathReadBiList.m in Sources */,
				9F7D4C43219FDC9A002B2B48 /* NSObject+AkvcExtension.m in Sources */,
				9F7D4C46219FDC9A002B2B48 /* AkvcPathReadNode.m in Sources */,
				9F7D4C4A219FDC9A002B2B48 /* Person.m in Sources */,
				9F7D4C44219FDC9A002B2B48 /* AkvcClass.m in Sources */,
				9F7D4C4C219FDC9A002B2B48 /* Dog.m in Sources */,
				45E2D65321A2A3CE00212CBB /* AkvcExtensionConst.m in Sources */,
				9F934DA721931DFB0054F734 /* AppDelegate.m in Sources */,
				9F7D4C49219FDC9A002B2B48 /* AkvcPathComponent.m in Sources */,
			);
			runOnlyForDeploymentPostprocessing = 0;
		};
		9F934DB621931E050054F734 /* Sources */ = {
			isa = PBXSourcesBuildPhase;
			buildActionMask = 2147483647;
			files = (
				9F934DBF21931E050054F734 /* AkvcExtensionSampleTests.m in Sources */,
			);
			runOnlyForDeploymentPostprocessing = 0;
		};
/* End PBXSourcesBuildPhase section */

/* Begin PBXTargetDependency section */
		9F934DBC21931E050054F734 /* PBXTargetDependency */ = {
			isa = PBXTargetDependency;
			target = 9F934DA121931DFB0054F734 /* AkvcExtensionSample */;
			targetProxy = 9F934DBB21931E050054F734 /* PBXContainerItemProxy */;
		};
/* End PBXTargetDependency section */

/* Begin PBXVariantGroup section */
		9F934DAB21931DFB0054F734 /* Main.storyboard */ = {
			isa = PBXVariantGroup;
			children = (
				9F934DAC21931DFB0054F734 /* Base */,
			);
			name = Main.storyboard;
			sourceTree = "<group>";
		};
		9F934DB021931E050054F734 /* LaunchScreen.storyboard */ = {
			isa = PBXVariantGroup;
			children = (
				9F934DB121931E050054F734 /* Base */,
			);
			name = LaunchScreen.storyboard;
			sourceTree = "<group>";
		};
/* End PBXVariantGroup section */

/* Begin XCBuildConfiguration section */
		9F934DC121931E050054F734 /* Debug */ = {
			isa = XCBuildConfiguration;
			buildSettings = {
				ALWAYS_SEARCH_USER_PATHS = NO;
				CLANG_ANALYZER_NONNULL = YES;
				CLANG_ANALYZER_NUMBER_OBJECT_CONVERSION = YES_AGGRESSIVE;
				CLANG_CXX_LANGUAGE_STANDARD = "gnu++14";
				CLANG_CXX_LIBRARY = "libc++";
				CLANG_ENABLE_MODULES = YES;
				CLANG_ENABLE_OBJC_ARC = YES;
				CLANG_ENABLE_OBJC_WEAK = YES;
				CLANG_WARN_BLOCK_CAPTURE_AUTORELEASING = YES;
				CLANG_WARN_BOOL_CONVERSION = YES;
				CLANG_WARN_COMMA = YES;
				CLANG_WARN_CONSTANT_CONVERSION = YES;
				CLANG_WARN_DEPRECATED_OBJC_IMPLEMENTATIONS = YES;
				CLANG_WARN_DIRECT_OBJC_ISA_USAGE = YES_ERROR;
				CLANG_WARN_DOCUMENTATION_COMMENTS = YES;
				CLANG_WARN_EMPTY_BODY = YES;
				CLANG_WARN_ENUM_CONVERSION = YES;
				CLANG_WARN_INFINITE_RECURSION = YES;
				CLANG_WARN_INT_CONVERSION = YES;
				CLANG_WARN_NON_LITERAL_NULL_CONVERSION = YES;
				CLANG_WARN_OBJC_IMPLICIT_RETAIN_SELF = YES;
				CLANG_WARN_OBJC_LITERAL_CONVERSION = YES;
				CLANG_WARN_OBJC_ROOT_CLASS = YES_ERROR;
				CLANG_WARN_RANGE_LOOP_ANALYSIS = YES;
				CLANG_WARN_STRICT_PROTOTYPES = YES;
				CLANG_WARN_SUSPICIOUS_MOVE = YES;
				CLANG_WARN_UNGUARDED_AVAILABILITY = YES_AGGRESSIVE;
				CLANG_WARN_UNREACHABLE_CODE = YES;
				CLANG_WARN__DUPLICATE_METHOD_MATCH = YES;
				CODE_SIGN_IDENTITY = "iPhone Developer";
				COPY_PHASE_STRIP = NO;
				DEBUG_INFORMATION_FORMAT = dwarf;
				ENABLE_STRICT_OBJC_MSGSEND = YES;
				ENABLE_TESTABILITY = YES;
				GCC_C_LANGUAGE_STANDARD = gnu11;
				GCC_DYNAMIC_NO_PIC = NO;
				GCC_NO_COMMON_BLOCKS = YES;
				GCC_OPTIMIZATION_LEVEL = 0;
				GCC_PREPROCESSOR_DEFINITIONS = (
					"DEBUG=1",
					"$(inherited)",
				);
				GCC_WARN_64_TO_32_BIT_CONVERSION = YES;
				GCC_WARN_ABOUT_RETURN_TYPE = YES_ERROR;
				GCC_WARN_UNDECLARED_SELECTOR = YES;
				GCC_WARN_UNINITIALIZED_AUTOS = YES_AGGRESSIVE;
				GCC_WARN_UNUSED_FUNCTION = YES;
				GCC_WARN_UNUSED_VARIABLE = YES;
				IPHONEOS_DEPLOYMENT_TARGET = 12.1;
				MTL_ENABLE_DEBUG_INFO = INCLUDE_SOURCE;
				MTL_FAST_MATH = YES;
				ONLY_ACTIVE_ARCH = YES;
				SDKROOT = iphoneos;
			};
			name = Debug;
		};
		9F934DC221931E050054F734 /* Release */ = {
			isa = XCBuildConfiguration;
			buildSettings = {
				ALWAYS_SEARCH_USER_PATHS = NO;
				CLANG_ANALYZER_NONNULL = YES;
				CLANG_ANALYZER_NUMBER_OBJECT_CONVERSION = YES_AGGRESSIVE;
				CLANG_CXX_LANGUAGE_STANDARD = "gnu++14";
				CLANG_CXX_LIBRARY = "libc++";
				CLANG_ENABLE_MODULES = YES;
				CLANG_ENABLE_OBJC_ARC = YES;
				CLANG_ENABLE_OBJC_WEAK = YES;
				CLANG_WARN_BLOCK_CAPTURE_AUTORELEASING = YES;
				CLANG_WARN_BOOL_CONVERSION = YES;
				CLANG_WARN_COMMA = YES;
				CLANG_WARN_CONSTANT_CONVERSION = YES;
				CLANG_WARN_DEPRECATED_OBJC_IMPLEMENTATIONS = YES;
				CLANG_WARN_DIRECT_OBJC_ISA_USAGE = YES_ERROR;
				CLANG_WARN_DOCUMENTATION_COMMENTS = YES;
				CLANG_WARN_EMPTY_BODY = YES;
				CLANG_WARN_ENUM_CONVERSION = YES;
				CLANG_WARN_INFINITE_RECURSION = YES;
				CLANG_WARN_INT_CONVERSION = YES;
				CLANG_WARN_NON_LITERAL_NULL_CONVERSION = YES;
				CLANG_WARN_OBJC_IMPLICIT_RETAIN_SELF = YES;
				CLANG_WARN_OBJC_LITERAL_CONVERSION = YES;
				CLANG_WARN_OBJC_ROOT_CLASS = YES_ERROR;
				CLANG_WARN_RANGE_LOOP_ANALYSIS = YES;
				CLANG_WARN_STRICT_PROTOTYPES = YES;
				CLANG_WARN_SUSPICIOUS_MOVE = YES;
				CLANG_WARN_UNGUARDED_AVAILABILITY = YES_AGGRESSIVE;
				CLANG_WARN_UNREACHABLE_CODE = YES;
				CLANG_WARN__DUPLICATE_METHOD_MATCH = YES;
				CODE_SIGN_IDENTITY = "iPhone Developer";
				COPY_PHASE_STRIP = NO;
				DEBUG_INFORMATION_FORMAT = "dwarf-with-dsym";
				ENABLE_NS_ASSERTIONS = NO;
				ENABLE_STRICT_OBJC_MSGSEND = YES;
				GCC_C_LANGUAGE_STANDARD = gnu11;
				GCC_NO_COMMON_BLOCKS = YES;
				GCC_WARN_64_TO_32_BIT_CONVERSION = YES;
				GCC_WARN_ABOUT_RETURN_TYPE = YES_ERROR;
				GCC_WARN_UNDECLARED_SELECTOR = YES;
				GCC_WARN_UNINITIALIZED_AUTOS = YES_AGGRESSIVE;
				GCC_WARN_UNUSED_FUNCTION = YES;
				GCC_WARN_UNUSED_VARIABLE = YES;
				IPHONEOS_DEPLOYMENT_TARGET = 12.1;
				MTL_ENABLE_DEBUG_INFO = NO;
				MTL_FAST_MATH = YES;
				SDKROOT = iphoneos;
				VALIDATE_PRODUCT = YES;
			};
			name = Release;
		};
		9F934DC421931E050054F734 /* Debug */ = {
			isa = XCBuildConfiguration;
			buildSettings = {
				ASSETCATALOG_COMPILER_APPICON_NAME = AppIcon;
				CODE_SIGN_STYLE = Automatic;
				INFOPLIST_FILE = AkvcExtensionSample/Info.plist;
				IPHONEOS_DEPLOYMENT_TARGET = 12.1;
				LD_RUNPATH_SEARCH_PATHS = (
					"$(inherited)",
					"@executable_path/Frameworks",
				);
				PRODUCT_BUNDLE_IDENTIFIER = NOVO.AkvcExtensionSample;
				PRODUCT_NAME = "$(TARGET_NAME)";
				TARGETED_DEVICE_FAMILY = "1,2";
			};
			name = Debug;
		};
		9F934DC521931E050054F734 /* Release */ = {
			isa = XCBuildConfiguration;
			buildSettings = {
				ASSETCATALOG_COMPILER_APPICON_NAME = AppIcon;
				CODE_SIGN_STYLE = Automatic;
				INFOPLIST_FILE = AkvcExtensionSample/Info.plist;
				IPHONEOS_DEPLOYMENT_TARGET = 12.1;
				LD_RUNPATH_SEARCH_PATHS = (
					"$(inherited)",
					"@executable_path/Frameworks",
				);
				PRODUCT_BUNDLE_IDENTIFIER = NOVO.AkvcExtensionSample;
				PRODUCT_NAME = "$(TARGET_NAME)";
				TARGETED_DEVICE_FAMILY = "1,2";
			};
			name = Release;
		};
		9F934DC721931E050054F734 /* Debug */ = {
			isa = XCBuildConfiguration;
			buildSettings = {
				BUNDLE_LOADER = "$(TEST_HOST)";
				CODE_SIGN_STYLE = Automatic;
				INFOPLIST_FILE = AkvcExtensionSampleTests/Info.plist;
				LD_RUNPATH_SEARCH_PATHS = (
					"$(inherited)",
					"@executable_path/Frameworks",
					"@loader_path/Frameworks",
				);
				PRODUCT_BUNDLE_IDENTIFIER = NOVO.AkvcExtensionSampleTests;
				PRODUCT_NAME = "$(TARGET_NAME)";
				TARGETED_DEVICE_FAMILY = "1,2";
				TEST_HOST = "$(BUILT_PRODUCTS_DIR)/AkvcExtensionSample.app/AkvcExtensionSample";
			};
			name = Debug;
		};
		9F934DC821931E050054F734 /* Release */ = {
			isa = XCBuildConfiguration;
			buildSettings = {
				BUNDLE_LOADER = "$(TEST_HOST)";
				CODE_SIGN_STYLE = Automatic;
				INFOPLIST_FILE = AkvcExtensionSampleTests/Info.plist;
				LD_RUNPATH_SEARCH_PATHS = (
					"$(inherited)",
					"@executable_path/Frameworks",
					"@loader_path/Frameworks",
				);
				PRODUCT_BUNDLE_IDENTIFIER = NOVO.AkvcExtensionSampleTests;
				PRODUCT_NAME = "$(TARGET_NAME)";
				TARGETED_DEVICE_FAMILY = "1,2";
				TEST_HOST = "$(BUILT_PRODUCTS_DIR)/AkvcExtensionSample.app/AkvcExtensionSample";
			};
			name = Release;
		};
/* End XCBuildConfiguration section */

/* Begin XCConfigurationList section */
		9F934D9D21931DFB0054F734 /* Build configuration list for PBXProject "AkvcExtensionSample" */ = {
			isa = XCConfigurationList;
			buildConfigurations = (
				9F934DC121931E050054F734 /* Debug */,
				9F934DC221931E050054F734 /* Release */,
			);
			defaultConfigurationIsVisible = 0;
			defaultConfigurationName = Release;
		};
		9F934DC321931E050054F734 /* Build configuration list for PBXNativeTarget "AkvcExtensionSample" */ = {
			isa = XCConfigurationList;
			buildConfigurations = (
				9F934DC421931E050054F734 /* Debug */,
				9F934DC521931E050054F734 /* Release */,
			);
			defaultConfigurationIsVisible = 0;
			defaultConfigurationName = Release;
		};
		9F934DC621931E050054F734 /* Build configuration list for PBXNativeTarget "AkvcExtensionSampleTests" */ = {
			isa = XCConfigurationList;
			buildConfigurations = (
				9F934DC721931E050054F734 /* Debug */,
				9F934DC821931E050054F734 /* Release */,
			);
			defaultConfigurationIsVisible = 0;
			defaultConfigurationName = Release;
		};
/* End XCConfigurationList section */
	};
	rootObject = 9F934D9A21931DFB0054F734 /* Project object */;
}
